
Microsoft Visual Studio Solution File, Format Version 12.00
# Visual Studio Version 17
VisualStudioVersion = 17.7.34024.191
MinimumVisualStudioVersion = 10.0.40219.1
Project("{FAE04EC0-301F-11D3-BF4B-00C04F79EFBC}") = "IndividApp1", "IndividApp1\IndividApp1.csproj", "{5E07F75D-82A1-40AD-BB28-75D63B0A67F4}"
EndProject
Global
	GlobalSection(SolutionConfigurationPlatforms) = preSolution
		Debug|Any CPU = Debug|Any CPU
		Release|Any CPU = Release|Any CPU
	EndGlobalSection
	GlobalSection(ProjectConfigurationPlatforms) = postSolution
		{5E07F75D-82A1-40AD-BB28-75D63B0A67F4}.Debug|Any CPU.ActiveCfg = Debug|Any CPU
		{5E07F75D-82A1-40AD-BB28-75D63B0A67F4}.Debug|Any CPU.Build.0 = Debug|Any CPU
		{5E07F75D-82A1-40AD-BB28-75D63B0A67F4}.Release|Any CPU.ActiveCfg = Release|Any CPU
		{5E07F75D-82A1-40AD-BB28-75D63B0A67F4}.Release|Any CPU.Build.0 = Release|Any CPU
	EndGlobalSection
	GlobalSection(SolutionProperties) = preSolution
		HideSolutionNode = FALSE
	EndGlobalSection
	GlobalSection(ExtensibilityGlobals) = postSolution
		SolutionGuid = {FB34B7E6-67B4-407E-A396-7CFE7E6731B9}
	EndGlobalSection
EndGlobal
