
Microsoft Visual Studio Solution File, Format Version 12.00
# Visual Studio Version 17
VisualStudioVersion = 17.7.34024.191
MinimumVisualStudioVersion = 10.0.40219.1
Project("{FAE04EC0-301F-11D3-BF4B-00C04F79EFBC}") = "DinamMassivApp1", "DinamMassivApp1\DinamMassivApp1.csproj", "{3188A0A5-C58D-4733-BBF3-963B70A0A957}"
EndProject
Global
	GlobalSection(SolutionConfigurationPlatforms) = preSolution
		Debug|Any CPU = Debug|Any CPU
		Release|Any CPU = Release|Any CPU
	EndGlobalSection
	GlobalSection(ProjectConfigurationPlatforms) = postSolution
		{3188A0A5-C58D-4733-BBF3-963B70A0A957}.Debug|Any CPU.ActiveCfg = Debug|Any CPU
		{3188A0A5-C58D-4733-BBF3-963B70A0A957}.Debug|Any CPU.Build.0 = Debug|Any CPU
		{3188A0A5-C58D-4733-BBF3-963B70A0A957}.Release|Any CPU.ActiveCfg = Release|Any CPU
		{3188A0A5-C58D-4733-BBF3-963B70A0A957}.Release|Any CPU.Build.0 = Release|Any CPU
	EndGlobalSection
	GlobalSection(SolutionProperties) = preSolution
		HideSolutionNode = FALSE
	EndGlobalSection
	GlobalSection(ExtensibilityGlobals) = postSolution
		SolutionGuid = {2A1BE188-A031-4A29-A9BC-273C0A77940D}
	EndGlobalSection
EndGlobal
